
Microsoft Visual Studio Solution File, Format Version 12.00
# Visual Studio 15
VisualStudioVersion = 15.0.27004.2008
MinimumVisualStudioVersion = 10.0.40219.1
Project("{FAE04EC0-301F-11D3-BF4B-00C04F79EFBC}") = "O.AdminPro", "O.AdminPro\O.AdminPro.csproj", "{6B6D04C5-8C0B-4AA3-B9FA-BB87DB918461}"
EndProject
Project("{2150E333-8FDC-42A3-9474-1A3956D46DE8}") = "O.Model", "O.Model", "{19DB7824-008E-4D7F-84C8-40CD2CD5EB73}"
EndProject
Project("{2150E333-8FDC-42A3-9474-1A3956D46DE8}") = "O.Services", "O.Services", "{F3AF4686-0610-4A7D-9A50-FF682B561AA5}"
EndProject
Project("{2150E333-8FDC-42A3-9474-1A3956D46DE8}") = "O.Common", "O.Common", "{F6670C1F-9728-4699-8D72-3CEDA8407CF1}"
EndProject
Project("{FAE04EC0-301F-11D3-BF4B-00C04F79EFBC}") = "Model", "Model\Model.csproj", "{34419869-50EE-4B37-9A59-97B95C957508}"
EndProject
Project("{FAE04EC0-301F-11D3-BF4B-00C04F79EFBC}") = "Common", "Common\Common.csproj", "{DFFF96C1-055A-4BE1-AC53-E24B043AFC88}"
EndProject
Project("{FAE04EC0-301F-11D3-BF4B-00C04F79EFBC}") = "Services", "Services\Services.csproj", "{7166CC5E-A188-4465-ABF4-F70A18F66271}"
EndProject
Project("{FAE04EC0-301F-11D3-BF4B-00C04F79EFBC}") = "IServices", "IServices\IServices.csproj", "{82EFA8B3-A321-4467-B751-AC4391395EBB}"
EndProject
Project("{FAE04EC0-301F-11D3-BF4B-00C04F79EFBC}") = "ModelEx", "ModelEx\ModelEx.csproj", "{ED0441F8-CC6C-435B-AE39-8700C5341D2F}"
EndProject
Project("{FAE04EC0-301F-11D3-BF4B-00C04F79EFBC}") = "O.AdminProApi", "O.AdminProApi\O.AdminProApi.csproj", "{6148F4AF-5EFC-4A7F-A63C-31C54A3CA2A5}"
EndProject
Global
	GlobalSection(SolutionConfigurationPlatforms) = preSolution
		Debug|Any CPU = Debug|Any CPU
		Debug|x86 = Debug|x86
		Release|Any CPU = Release|Any CPU
		Release|x86 = Release|x86
	EndGlobalSection
	GlobalSection(ProjectConfigurationPlatforms) = postSolution
		{6B6D04C5-8C0B-4AA3-B9FA-BB87DB918461}.Debug|Any CPU.ActiveCfg = Debug|Any CPU
		{6B6D04C5-8C0B-4AA3-B9FA-BB87DB918461}.Debug|Any CPU.Build.0 = Debug|Any CPU
		{6B6D04C5-8C0B-4AA3-B9FA-BB87DB918461}.Debug|x86.ActiveCfg = Debug|x86
		{6B6D04C5-8C0B-4AA3-B9FA-BB87DB918461}.Debug|x86.Build.0 = Debug|x86
		{6B6D04C5-8C0B-4AA3-B9FA-BB87DB918461}.Release|Any CPU.ActiveCfg = Release|Any CPU
		{6B6D04C5-8C0B-4AA3-B9FA-BB87DB918461}.Release|Any CPU.Build.0 = Release|Any CPU
		{6B6D04C5-8C0B-4AA3-B9FA-BB87DB918461}.Release|x86.ActiveCfg = Release|x86
		{6B6D04C5-8C0B-4AA3-B9FA-BB87DB918461}.Release|x86.Build.0 = Release|x86
		{34419869-50EE-4B37-9A59-97B95C957508}.Debug|Any CPU.ActiveCfg = Debug|Any CPU
		{34419869-50EE-4B37-9A59-97B95C957508}.Debug|Any CPU.Build.0 = Debug|Any CPU
		{34419869-50EE-4B37-9A59-97B95C957508}.Debug|x86.ActiveCfg = Debug|x86
		{34419869-50EE-4B37-9A59-97B95C957508}.Debug|x86.Build.0 = Debug|x86
		{34419869-50EE-4B37-9A59-97B95C957508}.Release|Any CPU.ActiveCfg = Release|Any CPU
		{34419869-50EE-4B37-9A59-97B95C957508}.Release|Any CPU.Build.0 = Release|Any CPU
		{34419869-50EE-4B37-9A59-97B95C957508}.Release|x86.ActiveCfg = Release|x86
		{34419869-50EE-4B37-9A59-97B95C957508}.Release|x86.Build.0 = Release|x86
		{DFFF96C1-055A-4BE1-AC53-E24B043AFC88}.Debug|Any CPU.ActiveCfg = Debug|Any CPU
		{DFFF96C1-055A-4BE1-AC53-E24B043AFC88}.Debug|Any CPU.Build.0 = Debug|Any CPU
		{DFFF96C1-055A-4BE1-AC53-E24B043AFC88}.Debug|x86.ActiveCfg = Debug|x86
		{DFFF96C1-055A-4BE1-AC53-E24B043AFC88}.Debug|x86.Build.0 = Debug|x86
		{DFFF96C1-055A-4BE1-AC53-E24B043AFC88}.Release|Any CPU.ActiveCfg = Release|Any CPU
		{DFFF96C1-055A-4BE1-AC53-E24B043AFC88}.Release|Any CPU.Build.0 = Release|Any CPU
		{DFFF96C1-055A-4BE1-AC53-E24B043AFC88}.Release|x86.ActiveCfg = Release|x86
		{DFFF96C1-055A-4BE1-AC53-E24B043AFC88}.Release|x86.Build.0 = Release|x86
		{7166CC5E-A188-4465-ABF4-F70A18F66271}.Debug|Any CPU.ActiveCfg = Debug|Any CPU
		{7166CC5E-A188-4465-ABF4-F70A18F66271}.Debug|Any CPU.Build.0 = Debug|Any CPU
		{7166CC5E-A188-4465-ABF4-F70A18F66271}.Debug|x86.ActiveCfg = Debug|x86
		{7166CC5E-A188-4465-ABF4-F70A18F66271}.Debug|x86.Build.0 = Debug|x86
		{7166CC5E-A188-4465-ABF4-F70A18F66271}.Release|Any CPU.ActiveCfg = Release|Any CPU
		{7166CC5E-A188-4465-ABF4-F70A18F66271}.Release|Any CPU.Build.0 = Release|Any CPU
		{7166CC5E-A188-4465-ABF4-F70A18F66271}.Release|x86.ActiveCfg = Release|x86
		{7166CC5E-A188-4465-ABF4-F70A18F66271}.Release|x86.Build.0 = Release|x86
		{82EFA8B3-A321-4467-B751-AC4391395EBB}.Debug|Any CPU.ActiveCfg = Debug|Any CPU
		{82EFA8B3-A321-4467-B751-AC4391395EBB}.Debug|Any CPU.Build.0 = Debug|Any CPU
		{82EFA8B3-A321-4467-B751-AC4391395EBB}.Debug|x86.ActiveCfg = Debug|x86
		{82EFA8B3-A321-4467-B751-AC4391395EBB}.Debug|x86.Build.0 = Debug|x86
		{82EFA8B3-A321-4467-B751-AC4391395EBB}.Release|Any CPU.ActiveCfg = Release|Any CPU
		{82EFA8B3-A321-4467-B751-AC4391395EBB}.Release|Any CPU.Build.0 = Release|Any CPU
		{82EFA8B3-A321-4467-B751-AC4391395EBB}.Release|x86.ActiveCfg = Release|x86
		{82EFA8B3-A321-4467-B751-AC4391395EBB}.Release|x86.Build.0 = Release|x86
		{ED0441F8-CC6C-435B-AE39-8700C5341D2F}.Debug|Any CPU.ActiveCfg = Debug|Any CPU
		{ED0441F8-CC6C-435B-AE39-8700C5341D2F}.Debug|Any CPU.Build.0 = Debug|Any CPU
		{ED0441F8-CC6C-435B-AE39-8700C5341D2F}.Debug|x86.ActiveCfg = Debug|x86
		{ED0441F8-CC6C-435B-AE39-8700C5341D2F}.Debug|x86.Build.0 = Debug|x86
		{ED0441F8-CC6C-435B-AE39-8700C5341D2F}.Release|Any CPU.ActiveCfg = Release|Any CPU
		{ED0441F8-CC6C-435B-AE39-8700C5341D2F}.Release|Any CPU.Build.0 = Release|Any CPU
		{ED0441F8-CC6C-435B-AE39-8700C5341D2F}.Release|x86.ActiveCfg = Release|x86
		{ED0441F8-CC6C-435B-AE39-8700C5341D2F}.Release|x86.Build.0 = Release|x86
		{6148F4AF-5EFC-4A7F-A63C-31C54A3CA2A5}.Debug|Any CPU.ActiveCfg = Debug|Any CPU
		{6148F4AF-5EFC-4A7F-A63C-31C54A3CA2A5}.Debug|Any CPU.Build.0 = Debug|Any CPU
		{6148F4AF-5EFC-4A7F-A63C-31C54A3CA2A5}.Debug|x86.ActiveCfg = Debug|x86
		{6148F4AF-5EFC-4A7F-A63C-31C54A3CA2A5}.Debug|x86.Build.0 = Debug|x86
		{6148F4AF-5EFC-4A7F-A63C-31C54A3CA2A5}.Release|Any CPU.ActiveCfg = Release|Any CPU
		{6148F4AF-5EFC-4A7F-A63C-31C54A3CA2A5}.Release|Any CPU.Build.0 = Release|Any CPU
		{6148F4AF-5EFC-4A7F-A63C-31C54A3CA2A5}.Release|x86.ActiveCfg = Release|x86
		{6148F4AF-5EFC-4A7F-A63C-31C54A3CA2A5}.Release|x86.Build.0 = Release|x86
	EndGlobalSection
	GlobalSection(SolutionProperties) = preSolution
		HideSolutionNode = FALSE
	EndGlobalSection
	GlobalSection(NestedProjects) = preSolution
		{34419869-50EE-4B37-9A59-97B95C957508} = {19DB7824-008E-4D7F-84C8-40CD2CD5EB73}
		{DFFF96C1-055A-4BE1-AC53-E24B043AFC88} = {F6670C1F-9728-4699-8D72-3CEDA8407CF1}
		{7166CC5E-A188-4465-ABF4-F70A18F66271} = {F3AF4686-0610-4A7D-9A50-FF682B561AA5}
		{82EFA8B3-A321-4467-B751-AC4391395EBB} = {F3AF4686-0610-4A7D-9A50-FF682B561AA5}
		{ED0441F8-CC6C-435B-AE39-8700C5341D2F} = {19DB7824-008E-4D7F-84C8-40CD2CD5EB73}
	EndGlobalSection
	GlobalSection(ExtensibilityGlobals) = postSolution
		SolutionGuid = {199E319D-71FE-4AB3-BBD4-BC96399EB2FF}
	EndGlobalSection
EndGlobal
